// !$*UTF8*$!
{
	archiveVersion = 1;
	classes = {
	};
	objectVersion = 50;
	objects = {

/* Begin PBXBuildFile section */
		228076582655CAFE00842413 /* CreatingAndCombiningViewsApp.swift in Sources */ = {isa = PBXBuildFile; fileRef = 228076572655CAFE00842413 /* CreatingAndCombiningViewsApp.swift */; };
		2280765A2655CAFE00842413 /* ContentView.swift in Sources */ = {isa = PBXBuildFile; fileRef = 228076592655CAFE00842413 /* ContentView.swift */; };
		2280765C2655CB0600842413 /* Assets.xcassets in Resources */ = {isa = PBXBuildFile; fileRef = 2280765B2655CB0600842413 /* Assets.xcassets */; };
		2280765F2655CB0600842413 /* Preview Assets.xcassets in Resources */ = {isa = PBXBuildFile; fileRef = 2280765E2655CB0600842413 /* Preview Assets.xcassets */; };
		228076692655D01000842413 /* CircleImage.swift in Sources */ = {isa = PBXBuildFile; fileRef = 228076682655D01000842413 /* CircleImage.swift */; };
		2280766B2655D13A00842413 /* MapView.swift in Sources */ = {isa = PBXBuildFile; fileRef = 2280766A2655D13A00842413 /* MapView.swift */; };
		2280766D2656169C00842413 /* landmarkData.json in Resources */ = {isa = PBXBuildFile; fileRef = 2280766C2656169C00842413 /* landmarkData.json */; };
		2280766F265616D400842413 /* Landmark.swift in Sources */ = {isa = PBXBuildFile; fileRef = 2280766E265616D400842413 /* Landmark.swift */; };
		228076712656187800842413 /* ModelData.swift in Sources */ = {isa = PBXBuildFile; fileRef = 228076702656187800842413 /* ModelData.swift */; };
		2280767626561AC900842413 /* LandmarkRow.swift in Sources */ = {isa = PBXBuildFile; fileRef = 2280767526561AC900842413 /* LandmarkRow.swift */; };
		2280767826561D0700842413 /* LandmarkList.swift in Sources */ = {isa = PBXBuildFile; fileRef = 2280767726561D0700842413 /* LandmarkList.swift */; };
		2280767A26561ED100842413 /* LandmarkDetail.swift in Sources */ = {isa = PBXBuildFile; fileRef = 2280767926561ED100842413 /* LandmarkDetail.swift */; };
/* End PBXBuildFile section */

/* Begin PBXFileReference section */
		228076542655CAFE00842413 /* CreatingAndCombiningViews.app */ = {isa = PBXFileReference; explicitFileType = wrapper.application; includeInIndex = 0; path = CreatingAndCombiningViews.app; sourceTree = BUILT_PRODUCTS_DIR; };
		228076572655CAFE00842413 /* CreatingAndCombiningViewsApp.swift */ = {isa = PBXFileReference; lastKnownFileType = sourcecode.swift; path = CreatingAndCombiningViewsApp.swift; sourceTree = "<group>"; };
		228076592655CAFE00842413 /* ContentView.swift */ = {isa = PBXFileReference; lastKnownFileType = sourcecode.swift; path = ContentView.swift; sourceTree = "<group>"; };
		2280765B2655CB0600842413 /* Assets.xcassets */ = {isa = PBXFileReference; lastKnownFileType = folder.assetcatalog; path = Assets.xcassets; sourceTree = "<group>"; };
		2280765E2655CB0600842413 /* Preview Assets.xcassets */ = {isa = PBXFileReference; lastKnownFileType = folder.assetcatalog; path = "Preview Assets.xcassets"; sourceTree = "<group>"; };
		228076602655CB0600842413 /* Info.plist */ = {isa = PBXFileReference; lastKnownFileType = text.plist.xml; path = Info.plist; sourceTree = "<group>"; };
		228076682655D01000842413 /* CircleImage.swift */ = {isa = PBXFileReference; lastKnownFileType = sourcecode.swift; path = CircleImage.swift; sourceTree = "<group>"; };
		2280766A2655D13A00842413 /* MapView.swift */ = {isa = PBXFileReference; lastKnownFileType = sourcecode.swift; path = MapView.swift; sourceTree = "<group>"; };
		2280766C2656169C00842413 /* landmarkData.json */ = {isa = PBXFileReference; fileEncoding = 4; lastKnownFileType = text.json; path = landmarkData.json; sourceTree = "<group>"; };
		2280766E265616D400842413 /* Landmark.swift */ = {isa = PBXFileReference; lastKnownFileType = sourcecode.swift; path = Landmark.swift; sourceTree = "<group>"; };
		228076702656187800842413 /* ModelData.swift */ = {isa = PBXFileReference; lastKnownFileType = sourcecode.swift; path = ModelData.swift; sourceTree = "<group>"; };
		2280767526561AC900842413 /* LandmarkRow.swift */ = {isa = PBXFileReference; lastKnownFileType = sourcecode.swift; path = LandmarkRow.swift; sourceTree = "<group>"; };
		2280767726561D0700842413 /* LandmarkList.swift */ = {isa = PBXFileReference; lastKnownFileType = sourcecode.swift; path = LandmarkList.swift; sourceTree = "<group>"; };
		2280767926561ED100842413 /* LandmarkDetail.swift */ = {isa = PBXFileReference; lastKnownFileType = sourcecode.swift; path = LandmarkDetail.swift; sourceTree = "<group>"; };
/* End PBXFileReference section */

/* Begin PBXFrameworksBuildPhase section */
		228076512655CAFE00842413 /* Frameworks */ = {
			isa = PBXFrameworksBuildPhase;
			buildActionMask = 2147483647;
			files = (
			);
			runOnlyForDeploymentPostprocessing = 0;
		};
/* End PBXFrameworksBuildPhase section */

/* Begin PBXGroup section */
		2280764B2655CAFE00842413 = {
			isa = PBXGroup;
			children = (
				228076562655CAFE00842413 /* CreatingAndCombiningViews */,
				228076552655CAFE00842413 /* Products */,
			);
			sourceTree = "<group>";
		};
		228076552655CAFE00842413 /* Products */ = {
			isa = PBXGroup;
			children = (
				228076542655CAFE00842413 /* CreatingAndCombiningViews.app */,
			);
			name = Products;
			sourceTree = "<group>";
		};
		228076562655CAFE00842413 /* CreatingAndCombiningViews */ = {
			isa = PBXGroup;
			children = (
				228076572655CAFE00842413 /* CreatingAndCombiningViewsApp.swift */,
				2280767426561A7000842413 /* Resources */,
				2280767226561A5200842413 /* Views */,
				2280767326561A6100842413 /* Model */,
				2280765B2655CB0600842413 /* Assets.xcassets */,
				228076602655CB0600842413 /* Info.plist */,
				2280765D2655CB0600842413 /* Preview Content */,
			);
			path = CreatingAndCombiningViews;
			sourceTree = "<group>";
		};
		2280765D2655CB0600842413 /* Preview Content */ = {
			isa = PBXGroup;
			children = (
				2280765E2655CB0600842413 /* Preview Assets.xcassets */,
			);
			path = "Preview Content";
			sourceTree = "<group>";
		};
		2280767226561A5200842413 /* Views */ = {
			isa = PBXGroup;
			children = (
				228076592655CAFE00842413 /* ContentView.swift */,
				228076682655D01000842413 /* CircleImage.swift */,
				2280766A2655D13A00842413 /* MapView.swift */,
				2280767526561AC900842413 /* LandmarkRow.swift */,
				2280767726561D0700842413 /* LandmarkList.swift */,
				2280767926561ED100842413 /* LandmarkDetail.swift */,
			);
			path = Views;
			sourceTree = "<group>";
		};
		2280767326561A6100842413 /* Model */ = {
			isa = PBXGroup;
			children = (
				2280766E265616D400842413 /* Landmark.swift */,
				228076702656187800842413 /* ModelData.swift */,
			);
			path = Model;
			sourceTree = "<group>";
		};
		2280767426561A7000842413 /* Resources */ = {
			isa = PBXGroup;
			children = (
				2280766C2656169C00842413 /* landmarkData.json */,
			);
			path = Resources;
			sourceTree = "<group>";
		};
/* End PBXGroup section */

/* Begin PBXNativeTarget section */
		228076532655CAFE00842413 /* CreatingAndCombiningViews */ = {
			isa = PBXNativeTarget;
			buildConfigurationList = 228076632655CB0600842413 /* Build configuration list for PBXNativeTarget "CreatingAndCombiningViews" */;
			buildPhases = (
				228076502655CAFE00842413 /* Sources */,
				228076512655CAFE00842413 /* Frameworks */,
				228076522655CAFE00842413 /* Resources */,
			);
			buildRules = (
			);
			dependencies = (
			);
			name = CreatingAndCombiningViews;
			productName = CreatingAndCombiningViews;
			productReference = 228076542655CAFE00842413 /* CreatingAndCombiningViews.app */;
			productType = "com.apple.product-type.application";
		};
/* End PBXNativeTarget section */

/* Begin PBXProject section */
		2280764C2655CAFE00842413 /* Project object */ = {
			isa = PBXProject;
			attributes = {
				LastSwiftUpdateCheck = 1250;
				LastUpgradeCheck = 1250;
				TargetAttributes = {
					228076532655CAFE00842413 = {
						CreatedOnToolsVersion = 12.5;
					};
				};
			};
			buildConfigurationList = 2280764F2655CAFE00842413 /* Build configuration list for PBXProject "CreatingAndCombiningViews" */;
			compatibilityVersion = "Xcode 9.3";
			developmentRegion = en;
			hasScannedForEncodings = 0;
			knownRegions = (
				en,
				Base,
			);
			mainGroup = 2280764B2655CAFE00842413;
			productRefGroup = 228076552655CAFE00842413 /* Products */;
			projectDirPath = "";
			projectRoot = "";
			targets = (
				228076532655CAFE00842413 /* CreatingAndCombiningViews */,
			);
		};
/* End PBXProject section */

/* Begin PBXResourcesBuildPhase section */
		228076522655CAFE00842413 /* Resources */ = {
			isa = PBXResourcesBuildPhase;
			buildActionMask = 2147483647;
			files = (
				2280765F2655CB0600842413 /* Preview Assets.xcassets in Resources */,
				2280765C2655CB0600842413 /* Assets.xcassets in Resources */,
				2280766D2656169C00842413 /* landmarkData.json in Resources */,
			);
			runOnlyForDeploymentPostprocessing = 0;
		};
/* End PBXResourcesBuildPhase section */

/* Begin PBXSourcesBuildPhase section */
		228076502655CAFE00842413 /* Sources */ = {
			isa = PBXSourcesBuildPhase;
			buildActionMask = 2147483647;
			files = (
				2280765A2655CAFE00842413 /* ContentView.swift in Sources */,
				2280766B2655D13A00842413 /* MapView.swift in Sources */,
				228076582655CAFE00842413 /* CreatingAndCombiningViewsApp.swift in Sources */,
				2280767826561D0700842413 /* LandmarkList.swift in Sources */,
				2280767A26561ED100842413 /* LandmarkDetail.swift in Sources */,
				228076692655D01000842413 /* CircleImage.swift in Sources */,
				2280766F265616D400842413 /* Landmark.swift in Sources */,
				2280767626561AC900842413 /* LandmarkRow.swift in Sources */,
				228076712656187800842413 /* ModelData.swift in Sources */,
			);
			runOnlyForDeploymentPostprocessing = 0;
		};
/* End PBXSourcesBuildPhase section */

/* Begin XCBuildConfiguration section */
		228076612655CB0600842413 /* Debug */ = {
			isa = XCBuildConfiguration;
			buildSettings = {
				ALWAYS_SEARCH_USER_PATHS = NO;
				CLANG_ANALYZER_NONNULL = YES;
				CLANG_ANALYZER_NUMBER_OBJECT_CONVERSION = YES_AGGRESSIVE;
				CLANG_CXX_LANGUAGE_STANDARD = "gnu++14";
				CLANG_CXX_LIBRARY = "libc++";
				CLANG_ENABLE_MODULES = YES;
				CLANG_ENABLE_OBJC_ARC = YES;
				CLANG_ENABLE_OBJC_WEAK = YES;
				CLANG_WARN_BLOCK_CAPTURE_AUTORELEASING = YES;
				CLANG_WARN_BOOL_CONVERSION = YES;
				CLANG_WARN_COMMA = YES;
				CLANG_WARN_CONSTANT_CONVERSION = YES;
				CLANG_WARN_DEPRECATED_OBJC_IMPLEMENTATIONS = YES;
				CLANG_WARN_DIRECT_OBJC_ISA_USAGE = YES_ERROR;
				CLANG_WARN_DOCUMENTATION_COMMENTS = YES;
				CLANG_WARN_EMPTY_BODY = YES;
				CLANG_WARN_ENUM_CONVERSION = YES;
				CLANG_WARN_INFINITE_RECURSION = YES;
				CLANG_WARN_INT_CONVERSION = YES;
				CLANG_WARN_NON_LITERAL_NULL_CONVERSION = YES;
				CLANG_WARN_OBJC_IMPLICIT_RETAIN_SELF = YES;
				CLANG_WARN_OBJC_LITERAL_CONVERSION = YES;
				CLANG_WARN_OBJC_ROOT_CLASS = YES_ERROR;
				CLANG_WARN_QUOTED_INCLUDE_IN_FRAMEWORK_HEADER = YES;
				CLANG_WARN_RANGE_LOOP_ANALYSIS = YES;
				CLANG_WARN_STRICT_PROTOTYPES = YES;
				CLANG_WARN_SUSPICIOUS_MOVE = YES;
				CLANG_WARN_UNGUARDED_AVAILABILITY = YES_AGGRESSIVE;
				CLANG_WARN_UNREACHABLE_CODE = YES;
				CLANG_WARN__DUPLICATE_METHOD_MATCH = YES;
				COPY_PHASE_STRIP = NO;
				DEBUG_INFORMATION_FORMAT = dwarf;
				ENABLE_STRICT_OBJC_MSGSEND = YES;
				ENABLE_TESTABILITY = YES;
				GCC_C_LANGUAGE_STANDARD = gnu11;
				GCC_DYNAMIC_NO_PIC = NO;
				GCC_NO_COMMON_BLOCKS = YES;
				GCC_OPTIMIZATION_LEVEL = 0;
				GCC_PREPROCESSOR_DEFINITIONS = (
					"DEBUG=1",
					"$(inherited)",
				);
				GCC_WARN_64_TO_32_BIT_CONVERSION = YES;
				GCC_WARN_ABOUT_RETURN_TYPE = YES_ERROR;
				GCC_WARN_UNDECLARED_SELECTOR = YES;
				GCC_WARN_UNINITIALIZED_AUTOS = YES_AGGRESSIVE;
				GCC_WARN_UNUSED_FUNCTION = YES;
				GCC_WARN_UNUSED_VARIABLE = YES;
				IPHONEOS_DEPLOYMENT_TARGET = 14.5;
				MTL_ENABLE_DEBUG_INFO = INCLUDE_SOURCE;
				MTL_FAST_MATH = YES;
				ONLY_ACTIVE_ARCH = YES;
				SDKROOT = iphoneos;
				SWIFT_ACTIVE_COMPILATION_CONDITIONS = DEBUG;
				SWIFT_OPTIMIZATION_LEVEL = "-Onone";
			};
			name = Debug;
		};
		228076622655CB0600842413 /* Release */ = {
			isa = XCBuildConfiguration;
			buildSettings = {
				ALWAYS_SEARCH_USER_PATHS = NO;
				CLANG_ANALYZER_NONNULL = YES;
				CLANG_ANALYZER_NUMBER_OBJECT_CONVERSION = YES_AGGRESSIVE;
				CLANG_CXX_LANGUAGE_STANDARD = "gnu++14";
				CLANG_CXX_LIBRARY = "libc++";
				CLANG_ENABLE_MODULES = YES;
				CLANG_ENABLE_OBJC_ARC = YES;
				CLANG_ENABLE_OBJC_WEAK = YES;
				CLANG_WARN_BLOCK_CAPTURE_AUTORELEASING = YES;
				CLANG_WARN_BOOL_CONVERSION = YES;
				CLANG_WARN_COMMA = YES;
				CLANG_WARN_CONSTANT_CONVERSION = YES;
				CLANG_WARN_DEPRECATED_OBJC_IMPLEMENTATIONS = YES;
				CLANG_WARN_DIRECT_OBJC_ISA_USAGE = YES_ERROR;
				CLANG_WARN_DOCUMENTATION_COMMENTS = YES;
				CLANG_WARN_EMPTY_BODY = YES;
				CLANG_WARN_ENUM_CONVERSION = YES;
				CLANG_WARN_INFINITE_RECURSION = YES;
				CLANG_WARN_INT_CONVERSION = YES;
				CLANG_WARN_NON_LITERAL_NULL_CONVERSION = YES;
				CLANG_WARN_OBJC_IMPLICIT_RETAIN_SELF = YES;
				CLANG_WARN_OBJC_LITERAL_CONVERSION = YES;
				CLANG_WARN_OBJC_ROOT_CLASS = YES_ERROR;
				CLANG_WARN_QUOTED_INCLUDE_IN_FRAMEWORK_HEADER = YES;
				CLANG_WARN_RANGE_LOOP_ANALYSIS = YES;
				CLANG_WARN_STRICT_PROTOTYPES = YES;
				CLANG_WARN_SUSPICIOUS_MOVE = YES;
				CLANG_WARN_UNGUARDED_AVAILABILITY = YES_AGGRESSIVE;
				CLANG_WARN_UNREACHABLE_CODE = YES;
				CLANG_WARN__DUPLICATE_METHOD_MATCH = YES;
				COPY_PHASE_STRIP = NO;
				DEBUG_INFORMATION_FORMAT = "dwarf-with-dsym";
				ENABLE_NS_ASSERTIONS = NO;
				ENABLE_STRICT_OBJC_MSGSEND = YES;
				GCC_C_LANGUAGE_STANDARD = gnu11;
				GCC_NO_COMMON_BLOCKS = YES;
				GCC_WARN_64_TO_32_BIT_CONVERSION = YES;
				GCC_WARN_ABOUT_RETURN_TYPE = YES_ERROR;
				GCC_WARN_UNDECLARED_SELECTOR = YES;
				GCC_WARN_UNINITIALIZED_AUTOS = YES_AGGRESSIVE;
				GCC_WARN_UNUSED_FUNCTION = YES;
				GCC_WARN_UNUSED_VARIABLE = YES;
				IPHONEOS_DEPLOYMENT_TARGET = 14.5;
				MTL_ENABLE_DEBUG_INFO = NO;
				MTL_FAST_MATH = YES;
				SDKROOT = iphoneos;
				SWIFT_COMPILATION_MODE = wholemodule;
				SWIFT_OPTIMIZATION_LEVEL = "-O";
				VALIDATE_PRODUCT = YES;
			};
			name = Release;
		};
		228076642655CB0600842413 /* Debug */ = {
			isa = XCBuildConfiguration;
			buildSettings = {
				ASSETCATALOG_COMPILER_APPICON_NAME = AppIcon;
				ASSETCATALOG_COMPILER_GLOBAL_ACCENT_COLOR_NAME = AccentColor;
				CODE_SIGN_STYLE = Automatic;
				DEVELOPMENT_ASSET_PATHS = "\"CreatingAndCombiningViews/Preview Content\"";
				DEVELOPMENT_TEAM = B9379FYKRA;
				ENABLE_PREVIEWS = YES;
				INFOPLIST_FILE = CreatingAndCombiningViews/Info.plist;
				IPHONEOS_DEPLOYMENT_TARGET = 14.0;
				LD_RUNPATH_SEARCH_PATHS = (
					"$(inherited)",
					"@executable_path/Frameworks",
				);
				PRODUCT_BUNDLE_IDENTIFIER = com.diegomont.CreatingAndCombiningViews;
				PRODUCT_NAME = "$(TARGET_NAME)";
				SWIFT_VERSION = 5.0;
				TARGETED_DEVICE_FAMILY = "1,2";
			};
			name = Debug;
		};
		228076652655CB0600842413 /* Release */ = {
			isa = XCBuildConfiguration;
			buildSettings = {
				ASSETCATALOG_COMPILER_APPICON_NAME = AppIcon;
				ASSETCATALOG_COMPILER_GLOBAL_ACCENT_COLOR_NAME = AccentColor;
				CODE_SIGN_STYLE = Automatic;
				DEVELOPMENT_ASSET_PATHS = "\"CreatingAndCombiningViews/Preview Content\"";
				DEVELOPMENT_TEAM = B9379FYKRA;
				ENABLE_PREVIEWS = YES;
				INFOPLIST_FILE = CreatingAndCombiningViews/Info.plist;
				IPHONEOS_DEPLOYMENT_TARGET = 14.0;
				LD_RUNPATH_SEARCH_PATHS = (
					"$(inherited)",
					"@executable_path/Frameworks",
				);
				PRODUCT_BUNDLE_IDENTIFIER = com.diegomont.CreatingAndCombiningViews;
				PRODUCT_NAME = "$(TARGET_NAME)";
				SWIFT_VERSION = 5.0;
				TARGETED_DEVICE_FAMILY = "1,2";
			};
			name = Release;
		};
/* End XCBuildConfiguration section */

/* Begin XCConfigurationList section */
		2280764F2655CAFE00842413 /* Build configuration list for PBXProject "CreatingAndCombiningViews" */ = {
			isa = XCConfigurationList;
			buildConfigurations = (
				228076612655CB0600842413 /* Debug */,
				228076622655CB0600842413 /* Release */,
			);
			defaultConfigurationIsVisible = 0;
			defaultConfigurationName = Release;
		};
		228076632655CB0600842413 /* Build configuration list for PBXNativeTarget "CreatingAndCombiningViews" */ = {
			isa = XCConfigurationList;
			buildConfigurations = (
				228076642655CB0600842413 /* Debug */,
				228076652655CB0600842413 /* Release */,
			);
			defaultConfigurationIsVisible = 0;
			defaultConfigurationName = Release;
		};
/* End XCConfigurationList section */
	};
	rootObject = 2280764C2655CAFE00842413 /* Project object */;
}
